{
  "name": "look-at-moon",
  "version": "1.0.0",
  "lockfileVersion": 3,
  "requires": true,
  "packages": {
    "": {
      "name": "look-at-moon",
      "version": "1.0.0",
      "license": "ISC",
      "dependencies": {
        "celestial-moon": "^1.0.2",
        "micromodal": "^0.6.1"
      }
    },
    "node_modules/celestial-moon": {
      "version": "1.0.2",
      "resolved": "https://registry.npmjs.org/celestial-moon/-/celestial-moon-1.0.2.tgz",
      "integrity": "sha512-H8sRiw514sZknj1ZLDJXw6o2CQndU72gk8DbrumCwHycreC6aqjn90Gc7NgMiY7q4VqSiGs6xMbkXrZpvBZmhA==",
      "license": "ISC"
    },
    "node_modules/micromodal": {
      "version": "0.6.1",
      "resolved": "https://registry.npmjs.org/micromodal/-/micromodal-0.6.1.tgz",
      "integrity": "sha512-rw1fOptxQe3XGDm9xil9hBC2ylPb1kKZyYv4FlK54R/7L+KG+D8SQxPL5L8OlEXAhBDHckeoULYxWSYU9rg/RA==",
      "license": "ISC",
      "engines": {
        "node": ">=10"
      }
    }
  }
}
